
Microsoft Visual Studio Solution File, Format Version 12.00
# Visual Studio Version 16
VisualStudioVersion = 16.0.31205.134
MinimumVisualStudioVersion = 10.0.40219.1
Project("{9A19103F-16F7-4668-BE54-9A1E7A4F7556}") = "Common", "Common\Common.csproj", "{59F508A9-5EE0-4A6C-9580-89FC8C6CD4CE}"
EndProject
Project("{9A19103F-16F7-4668-BE54-9A1E7A4F7556}") = "BasicExample", "BasicExample\BasicExample.csproj", "{9DAD5FF3-B7C2-4A9E-B4B2-A0FBD6097727}"
EndProject
Project("{FAE04EC0-301F-11D3-BF4B-00C04F79EFBC}") = "QueryExample", "QueryExample\QueryExample.csproj", "{0BA2CD4F-BF38-4C0D-878B-3D0C2C2970D9}"
EndProject
Project("{FAE04EC0-301F-11D3-BF4B-00C04F79EFBC}") = "AdoNet", "AdoNet\AdoNet.csproj", "{5030F1BC-E974-46BB-9381-C4356E120D96}"
EndProject
Project("{FAE04EC0-301F-11D3-BF4B-00C04F79EFBC}") = "DapperExample", "DapperExample\DapperExample.csproj", "{AC8F1B10-31EB-4A29-BF35-7F49B06E1FA8}"
EndProject
Project("{FAE04EC0-301F-11D3-BF4B-00C04F79EFBC}") = "YC", "YC\YC.csproj", "{753E4F33-CB08-47B9-864F-4CC037B278C4}"
EndProject
Project("{FAE04EC0-301F-11D3-BF4B-00C04F79EFBC}") = "Topic", "Topic\Topic.csproj", "{0FB9A1C2-4B0C-4AE4-9FA2-E0ED37802A6E}"
EndProject
Project("{FAE04EC0-301F-11D3-BF4B-00C04F79EFBC}") = "EF", "EF\EF.csproj", "{0CE9DF93-1411-4E73-BA88-A66018FAB948}"
EndProject
Project("{FAE04EC0-301F-11D3-BF4B-00C04F79EFBC}") = "EF_YC", "EF_YC\EF_YC.csproj", "{31A2E7BF-45BB-4C63-9DEC-58DD06491EF1}"
EndProject
Global
	GlobalSection(SolutionConfigurationPlatforms) = preSolution
		Debug|Any CPU = Debug|Any CPU
		Release|Any CPU = Release|Any CPU
	EndGlobalSection
	GlobalSection(ProjectConfigurationPlatforms) = postSolution
		{59F508A9-5EE0-4A6C-9580-89FC8C6CD4CE}.Debug|Any CPU.ActiveCfg = Debug|Any CPU
		{59F508A9-5EE0-4A6C-9580-89FC8C6CD4CE}.Debug|Any CPU.Build.0 = Debug|Any CPU
		{59F508A9-5EE0-4A6C-9580-89FC8C6CD4CE}.Release|Any CPU.ActiveCfg = Release|Any CPU
		{59F508A9-5EE0-4A6C-9580-89FC8C6CD4CE}.Release|Any CPU.Build.0 = Release|Any CPU
		{9DAD5FF3-B7C2-4A9E-B4B2-A0FBD6097727}.Debug|Any CPU.ActiveCfg = Debug|Any CPU
		{9DAD5FF3-B7C2-4A9E-B4B2-A0FBD6097727}.Debug|Any CPU.Build.0 = Debug|Any CPU
		{9DAD5FF3-B7C2-4A9E-B4B2-A0FBD6097727}.Release|Any CPU.ActiveCfg = Release|Any CPU
		{9DAD5FF3-B7C2-4A9E-B4B2-A0FBD6097727}.Release|Any CPU.Build.0 = Release|Any CPU
		{0BA2CD4F-BF38-4C0D-878B-3D0C2C2970D9}.Debug|Any CPU.ActiveCfg = Debug|Any CPU
		{0BA2CD4F-BF38-4C0D-878B-3D0C2C2970D9}.Debug|Any CPU.Build.0 = Debug|Any CPU
		{0BA2CD4F-BF38-4C0D-878B-3D0C2C2970D9}.Release|Any CPU.ActiveCfg = Release|Any CPU
		{0BA2CD4F-BF38-4C0D-878B-3D0C2C2970D9}.Release|Any CPU.Build.0 = Release|Any CPU
		{5030F1BC-E974-46BB-9381-C4356E120D96}.Debug|Any CPU.ActiveCfg = Debug|Any CPU
		{5030F1BC-E974-46BB-9381-C4356E120D96}.Debug|Any CPU.Build.0 = Debug|Any CPU
		{5030F1BC-E974-46BB-9381-C4356E120D96}.Release|Any CPU.ActiveCfg = Release|Any CPU
		{5030F1BC-E974-46BB-9381-C4356E120D96}.Release|Any CPU.Build.0 = Release|Any CPU
		{AC8F1B10-31EB-4A29-BF35-7F49B06E1FA8}.Debug|Any CPU.ActiveCfg = Debug|Any CPU
		{AC8F1B10-31EB-4A29-BF35-7F49B06E1FA8}.Debug|Any CPU.Build.0 = Debug|Any CPU
		{AC8F1B10-31EB-4A29-BF35-7F49B06E1FA8}.Release|Any CPU.ActiveCfg = Release|Any CPU
		{AC8F1B10-31EB-4A29-BF35-7F49B06E1FA8}.Release|Any CPU.Build.0 = Release|Any CPU
		{753E4F33-CB08-47B9-864F-4CC037B278C4}.Debug|Any CPU.ActiveCfg = Debug|Any CPU
		{753E4F33-CB08-47B9-864F-4CC037B278C4}.Debug|Any CPU.Build.0 = Debug|Any CPU
		{753E4F33-CB08-47B9-864F-4CC037B278C4}.Release|Any CPU.ActiveCfg = Release|Any CPU
		{753E4F33-CB08-47B9-864F-4CC037B278C4}.Release|Any CPU.Build.0 = Release|Any CPU
		{0FB9A1C2-4B0C-4AE4-9FA2-E0ED37802A6E}.Debug|Any CPU.ActiveCfg = Debug|Any CPU
		{0FB9A1C2-4B0C-4AE4-9FA2-E0ED37802A6E}.Debug|Any CPU.Build.0 = Debug|Any CPU
		{0FB9A1C2-4B0C-4AE4-9FA2-E0ED37802A6E}.Release|Any CPU.ActiveCfg = Release|Any CPU
		{0FB9A1C2-4B0C-4AE4-9FA2-E0ED37802A6E}.Release|Any CPU.Build.0 = Release|Any CPU
		{0CE9DF93-1411-4E73-BA88-A66018FAB948}.Debug|Any CPU.ActiveCfg = Debug|Any CPU
		{0CE9DF93-1411-4E73-BA88-A66018FAB948}.Debug|Any CPU.Build.0 = Debug|Any CPU
		{0CE9DF93-1411-4E73-BA88-A66018FAB948}.Release|Any CPU.ActiveCfg = Release|Any CPU
		{0CE9DF93-1411-4E73-BA88-A66018FAB948}.Release|Any CPU.Build.0 = Release|Any CPU
		{31A2E7BF-45BB-4C63-9DEC-58DD06491EF1}.Debug|Any CPU.ActiveCfg = Debug|Any CPU
		{31A2E7BF-45BB-4C63-9DEC-58DD06491EF1}.Debug|Any CPU.Build.0 = Debug|Any CPU
		{31A2E7BF-45BB-4C63-9DEC-58DD06491EF1}.Release|Any CPU.ActiveCfg = Release|Any CPU
		{31A2E7BF-45BB-4C63-9DEC-58DD06491EF1}.Release|Any CPU.Build.0 = Release|Any CPU
	EndGlobalSection
	GlobalSection(SolutionProperties) = preSolution
		HideSolutionNode = FALSE
	EndGlobalSection
	GlobalSection(ExtensibilityGlobals) = postSolution
		SolutionGuid = {1E75A264-F26E-469D-AD5C-FBBA4C34F249}
	EndGlobalSection
EndGlobal
