
Microsoft Visual Studio Solution File, Format Version 12.00
# Visual Studio Version 16
VisualStudioVersion = 16.0.31205.134
MinimumVisualStudioVersion = 10.0.40219.1
Project("{FAE04EC0-301F-11D3-BF4B-00C04F79EFBC}") = "Ydb.Sdk.QueryService.QuickStart", "Ydb.Sdk.QueryService.QuickStart\Ydb.Sdk.QueryService.QuickStart.csproj", "{0BA2CD4F-BF38-4C0D-878B-3D0C2C2970D9}"
EndProject
Project("{FAE04EC0-301F-11D3-BF4B-00C04F79EFBC}") = "Ydb.Sdk.AdoNet.QuickStart", "Ydb.Sdk.AdoNet.QuickStart\Ydb.Sdk.AdoNet.QuickStart.csproj", "{5030F1BC-E974-46BB-9381-C4356E120D96}"
EndProject
Project("{FAE04EC0-301F-11D3-BF4B-00C04F79EFBC}") = "Ydb.Sdk.AdoNet.Dapper.QuickStart", "Ydb.Sdk.AdoNet.Dapper.QuickStart\Ydb.Sdk.AdoNet.Dapper.QuickStart.csproj", "{AC8F1B10-31EB-4A29-BF35-7F49B06E1FA8}"
EndProject
Project("{FAE04EC0-301F-11D3-BF4B-00C04F79EFBC}") = "Ydb.Sdk.AdoNet.Yandex.Cloud", "Ydb.Sdk.AdoNet.Yandex.Cloud\Ydb.Sdk.AdoNet.Yandex.Cloud.csproj", "{753E4F33-CB08-47B9-864F-4CC037B278C4}"
EndProject
Project("{FAE04EC0-301F-11D3-BF4B-00C04F79EFBC}") = "Ydb.Sdk.Topic.QuickStart", "Ydb.Sdk.Topic.QuickStart\Ydb.Sdk.Topic.QuickStart.csproj", "{0FB9A1C2-4B0C-4AE4-9FA2-E0ED37802A6E}"
EndProject
Project("{FAE04EC0-301F-11D3-BF4B-00C04F79EFBC}") = "EntityFrameworkCore.Ydb.QuickStart", "EntityFrameworkCore.Ydb.QuickStart\EntityFrameworkCore.Ydb.QuickStart.csproj", "{0CE9DF93-1411-4E73-BA88-A66018FAB948}"
EndProject
Project("{FAE04EC0-301F-11D3-BF4B-00C04F79EFBC}") = "EntityFrameworkCore.Ydb.Yandex.Cloud", "EntityFrameworkCore.Ydb.Yandex.Cloud\EntityFrameworkCore.Ydb.Yandex.Cloud.csproj", "{8F7266C7-75BB-4753-9FB2-BDF4678AF73B}"
EndProject
Project("{FAE04EC0-301F-11D3-BF4B-00C04F79EFBC}") = "AddEntity.Sample", "EntityFrameworkCore.Ydb.Samples\AddEntity.Sample\AddEntity.Sample.csproj", "{CFEC4D14-902F-4E27-9F6C-8E150AE00009}"
EndProject
Project("{FAE04EC0-301F-11D3-BF4B-00C04F79EFBC}") = "Schema.OneToMany", "EntityFrameworkCore.Ydb.Samples\Schema.OneToMany\Schema.OneToMany.csproj", "{5D8A1318-FD60-4BDD-9DB3-BF050CCC9755}"
EndProject
Project("{FAE04EC0-301F-11D3-BF4B-00C04F79EFBC}") = "Schema.OneToOne", "EntityFrameworkCore.Ydb.Samples\Schema.OneToOne\Schema.OneToOne.csproj", "{DBCEC1B1-FD84-4F9B-84B9-7BDA749C6DF2}"
EndProject
Project("{FAE04EC0-301F-11D3-BF4B-00C04F79EFBC}") = "Schema.ManyToMany", "EntityFrameworkCore.Ydb.Samples\Schema.ManyToMany\Schema.ManyToMany.csproj", "{08439995-062A-497A-9130-0F6429B0219E}"
EndProject
Project("{FAE04EC0-301F-11D3-BF4B-00C04F79EFBC}") = "Database.Operations.Tutorial", "EntityFrameworkCore.Ydb.Samples\Database.Operations.Tutorial\Database.Operations.Tutorial.csproj", "{B2B0786F-7545-4717-8D04-26DF9C181607}"
EndProject
Project("{FAE04EC0-301F-11D3-BF4B-00C04F79EFBC}") = "Ydb.Sdk.AdoNet.Yandex.Cloud.Serverless.Container", "Ydb.Sdk.AdoNet.Yandex.Cloud.Serverless.Container\Ydb.Sdk.AdoNet.Yandex.Cloud.Serverless.Container.csproj", "{77625697-498B-4879-BABA-046EE93E7AF7}"
EndProject
Project("{FAE04EC0-301F-11D3-BF4B-00C04F79EFBC}") = "Ydb.Sdk.AdoNet.OpenSearch.ToYDB.Transfer", "Ydb.Sdk.AdoNet.OpenSearch.ToYDB.Transfer\Ydb.Sdk.AdoNet.OpenSearch.ToYDB.Transfer.csproj", "{99716DB3-23BD-4969-9A4C-B25B80453793}"
EndProject
Global
	GlobalSection(SolutionConfigurationPlatforms) = preSolution
		Debug|Any CPU = Debug|Any CPU
		Release|Any CPU = Release|Any CPU
	EndGlobalSection
	GlobalSection(ProjectConfigurationPlatforms) = postSolution
		{0BA2CD4F-BF38-4C0D-878B-3D0C2C2970D9}.Debug|Any CPU.ActiveCfg = Debug|Any CPU
		{0BA2CD4F-BF38-4C0D-878B-3D0C2C2970D9}.Debug|Any CPU.Build.0 = Debug|Any CPU
		{0BA2CD4F-BF38-4C0D-878B-3D0C2C2970D9}.Release|Any CPU.ActiveCfg = Release|Any CPU
		{0BA2CD4F-BF38-4C0D-878B-3D0C2C2970D9}.Release|Any CPU.Build.0 = Release|Any CPU
		{5030F1BC-E974-46BB-9381-C4356E120D96}.Debug|Any CPU.ActiveCfg = Debug|Any CPU
		{5030F1BC-E974-46BB-9381-C4356E120D96}.Debug|Any CPU.Build.0 = Debug|Any CPU
		{5030F1BC-E974-46BB-9381-C4356E120D96}.Release|Any CPU.ActiveCfg = Release|Any CPU
		{5030F1BC-E974-46BB-9381-C4356E120D96}.Release|Any CPU.Build.0 = Release|Any CPU
		{AC8F1B10-31EB-4A29-BF35-7F49B06E1FA8}.Debug|Any CPU.ActiveCfg = Debug|Any CPU
		{AC8F1B10-31EB-4A29-BF35-7F49B06E1FA8}.Debug|Any CPU.Build.0 = Debug|Any CPU
		{AC8F1B10-31EB-4A29-BF35-7F49B06E1FA8}.Release|Any CPU.ActiveCfg = Release|Any CPU
		{AC8F1B10-31EB-4A29-BF35-7F49B06E1FA8}.Release|Any CPU.Build.0 = Release|Any CPU
		{753E4F33-CB08-47B9-864F-4CC037B278C4}.Debug|Any CPU.ActiveCfg = Debug|Any CPU
		{753E4F33-CB08-47B9-864F-4CC037B278C4}.Debug|Any CPU.Build.0 = Debug|Any CPU
		{753E4F33-CB08-47B9-864F-4CC037B278C4}.Release|Any CPU.ActiveCfg = Release|Any CPU
		{753E4F33-CB08-47B9-864F-4CC037B278C4}.Release|Any CPU.Build.0 = Release|Any CPU
		{0FB9A1C2-4B0C-4AE4-9FA2-E0ED37802A6E}.Debug|Any CPU.ActiveCfg = Debug|Any CPU
		{0FB9A1C2-4B0C-4AE4-9FA2-E0ED37802A6E}.Debug|Any CPU.Build.0 = Debug|Any CPU
		{0FB9A1C2-4B0C-4AE4-9FA2-E0ED37802A6E}.Release|Any CPU.ActiveCfg = Release|Any CPU
		{0FB9A1C2-4B0C-4AE4-9FA2-E0ED37802A6E}.Release|Any CPU.Build.0 = Release|Any CPU
		{0CE9DF93-1411-4E73-BA88-A66018FAB948}.Debug|Any CPU.ActiveCfg = Debug|Any CPU
		{0CE9DF93-1411-4E73-BA88-A66018FAB948}.Debug|Any CPU.Build.0 = Debug|Any CPU
		{0CE9DF93-1411-4E73-BA88-A66018FAB948}.Release|Any CPU.ActiveCfg = Release|Any CPU
		{0CE9DF93-1411-4E73-BA88-A66018FAB948}.Release|Any CPU.Build.0 = Release|Any CPU
		{8F7266C7-75BB-4753-9FB2-BDF4678AF73B}.Debug|Any CPU.ActiveCfg = Debug|Any CPU
		{8F7266C7-75BB-4753-9FB2-BDF4678AF73B}.Debug|Any CPU.Build.0 = Debug|Any CPU
		{8F7266C7-75BB-4753-9FB2-BDF4678AF73B}.Release|Any CPU.ActiveCfg = Release|Any CPU
		{8F7266C7-75BB-4753-9FB2-BDF4678AF73B}.Release|Any CPU.Build.0 = Release|Any CPU
		{CFEC4D14-902F-4E27-9F6C-8E150AE00009}.Debug|Any CPU.ActiveCfg = Debug|Any CPU
		{CFEC4D14-902F-4E27-9F6C-8E150AE00009}.Debug|Any CPU.Build.0 = Debug|Any CPU
		{CFEC4D14-902F-4E27-9F6C-8E150AE00009}.Release|Any CPU.ActiveCfg = Release|Any CPU
		{CFEC4D14-902F-4E27-9F6C-8E150AE00009}.Release|Any CPU.Build.0 = Release|Any CPU
		{5D8A1318-FD60-4BDD-9DB3-BF050CCC9755}.Debug|Any CPU.ActiveCfg = Debug|Any CPU
		{5D8A1318-FD60-4BDD-9DB3-BF050CCC9755}.Debug|Any CPU.Build.0 = Debug|Any CPU
		{5D8A1318-FD60-4BDD-9DB3-BF050CCC9755}.Release|Any CPU.ActiveCfg = Release|Any CPU
		{5D8A1318-FD60-4BDD-9DB3-BF050CCC9755}.Release|Any CPU.Build.0 = Release|Any CPU
		{DBCEC1B1-FD84-4F9B-84B9-7BDA749C6DF2}.Debug|Any CPU.ActiveCfg = Debug|Any CPU
		{DBCEC1B1-FD84-4F9B-84B9-7BDA749C6DF2}.Debug|Any CPU.Build.0 = Debug|Any CPU
		{DBCEC1B1-FD84-4F9B-84B9-7BDA749C6DF2}.Release|Any CPU.ActiveCfg = Release|Any CPU
		{DBCEC1B1-FD84-4F9B-84B9-7BDA749C6DF2}.Release|Any CPU.Build.0 = Release|Any CPU
		{08439995-062A-497A-9130-0F6429B0219E}.Debug|Any CPU.ActiveCfg = Debug|Any CPU
		{08439995-062A-497A-9130-0F6429B0219E}.Debug|Any CPU.Build.0 = Debug|Any CPU
		{08439995-062A-497A-9130-0F6429B0219E}.Release|Any CPU.ActiveCfg = Release|Any CPU
		{08439995-062A-497A-9130-0F6429B0219E}.Release|Any CPU.Build.0 = Release|Any CPU
		{B2B0786F-7545-4717-8D04-26DF9C181607}.Debug|Any CPU.ActiveCfg = Debug|Any CPU
		{B2B0786F-7545-4717-8D04-26DF9C181607}.Debug|Any CPU.Build.0 = Debug|Any CPU
		{B2B0786F-7545-4717-8D04-26DF9C181607}.Release|Any CPU.ActiveCfg = Release|Any CPU
		{B2B0786F-7545-4717-8D04-26DF9C181607}.Release|Any CPU.Build.0 = Release|Any CPU
		{77625697-498B-4879-BABA-046EE93E7AF7}.Debug|Any CPU.ActiveCfg = Debug|Any CPU
		{77625697-498B-4879-BABA-046EE93E7AF7}.Debug|Any CPU.Build.0 = Debug|Any CPU
		{77625697-498B-4879-BABA-046EE93E7AF7}.Release|Any CPU.ActiveCfg = Release|Any CPU
		{77625697-498B-4879-BABA-046EE93E7AF7}.Release|Any CPU.Build.0 = Release|Any CPU
		{99716DB3-23BD-4969-9A4C-B25B80453793}.Debug|Any CPU.ActiveCfg = Debug|Any CPU
		{99716DB3-23BD-4969-9A4C-B25B80453793}.Debug|Any CPU.Build.0 = Debug|Any CPU
		{99716DB3-23BD-4969-9A4C-B25B80453793}.Release|Any CPU.ActiveCfg = Release|Any CPU
		{99716DB3-23BD-4969-9A4C-B25B80453793}.Release|Any CPU.Build.0 = Release|Any CPU
	EndGlobalSection
	GlobalSection(SolutionProperties) = preSolution
		HideSolutionNode = FALSE
	EndGlobalSection
	GlobalSection(ExtensibilityGlobals) = postSolution
		SolutionGuid = {1E75A264-F26E-469D-AD5C-FBBA4C34F249}
	EndGlobalSection
EndGlobal
