
Microsoft Visual Studio Solution File, Format Version 12.00
# Visual Studio Version 17
VisualStudioVersion = 17.5.002.0
MinimumVisualStudioVersion = 10.0.40219.1
Project("{FAE04EC0-301F-11D3-BF4B-00C04F79EFBC}") = "Internal", "Internal\Internal.csproj", "{E0ECAA3A-3234-459C-B076-6AC53B63ADC7}"
EndProject
Project("{FAE04EC0-301F-11D3-BF4B-00C04F79EFBC}") = "AdoNet", "AdoNet\AdoNet.csproj", "{B6FFBFBE-F568-4186-B160-CC35A1BBD050}"
EndProject
Project("{FAE04EC0-301F-11D3-BF4B-00C04F79EFBC}") = "TopicService", "TopicService\TopicService.csproj", "{431B6493-440C-4550-86EB-E9446683880E}"
EndProject
Project("{FAE04EC0-301F-11D3-BF4B-00C04F79EFBC}") = "EF", "EF\EF.csproj", "{291A2C64-8A20-40AA-B68A-B9E2A730B66C}"
EndProject
Project("{FAE04EC0-301F-11D3-BF4B-00C04F79EFBC}") = "AdoNet.Dapper", "Dapper\AdoNet.Dapper.csproj", "{A6B9B4F1-4C7C-42C1-A212-B71A9B0D67F7}"
EndProject
Project("{FAE04EC0-301F-11D3-BF4B-00C04F79EFBC}") = "AdoNet.Linq2db", "Linq2db\AdoNet.Linq2db.csproj", "{A0AB76CF-A89C-43DE-99C8-0E1C3E539F98}"
EndProject
Global
	GlobalSection(SolutionConfigurationPlatforms) = preSolution
		Debug|Any CPU = Debug|Any CPU
		Release|Any CPU = Release|Any CPU
	EndGlobalSection
	GlobalSection(ProjectConfigurationPlatforms) = postSolution
		{E0ECAA3A-3234-459C-B076-6AC53B63ADC7}.Debug|Any CPU.ActiveCfg = Debug|Any CPU
		{E0ECAA3A-3234-459C-B076-6AC53B63ADC7}.Debug|Any CPU.Build.0 = Debug|Any CPU
		{E0ECAA3A-3234-459C-B076-6AC53B63ADC7}.Release|Any CPU.ActiveCfg = Release|Any CPU
		{E0ECAA3A-3234-459C-B076-6AC53B63ADC7}.Release|Any CPU.Build.0 = Release|Any CPU
		{B6FFBFBE-F568-4186-B160-CC35A1BBD050}.Debug|Any CPU.ActiveCfg = Debug|Any CPU
		{B6FFBFBE-F568-4186-B160-CC35A1BBD050}.Debug|Any CPU.Build.0 = Debug|Any CPU
		{B6FFBFBE-F568-4186-B160-CC35A1BBD050}.Release|Any CPU.ActiveCfg = Release|Any CPU
		{B6FFBFBE-F568-4186-B160-CC35A1BBD050}.Release|Any CPU.Build.0 = Release|Any CPU
		{431B6493-440C-4550-86EB-E9446683880E}.Debug|Any CPU.ActiveCfg = Debug|Any CPU
		{431B6493-440C-4550-86EB-E9446683880E}.Debug|Any CPU.Build.0 = Debug|Any CPU
		{431B6493-440C-4550-86EB-E9446683880E}.Release|Any CPU.ActiveCfg = Release|Any CPU
		{431B6493-440C-4550-86EB-E9446683880E}.Release|Any CPU.Build.0 = Release|Any CPU
		{291A2C64-8A20-40AA-B68A-B9E2A730B66C}.Debug|Any CPU.ActiveCfg = Debug|Any CPU
		{291A2C64-8A20-40AA-B68A-B9E2A730B66C}.Debug|Any CPU.Build.0 = Debug|Any CPU
		{291A2C64-8A20-40AA-B68A-B9E2A730B66C}.Release|Any CPU.ActiveCfg = Release|Any CPU
		{291A2C64-8A20-40AA-B68A-B9E2A730B66C}.Release|Any CPU.Build.0 = Release|Any CPU
		{A6B9B4F1-4C7C-42C1-A212-B71A9B0D67F7}.Debug|Any CPU.ActiveCfg = Debug|Any CPU
		{A6B9B4F1-4C7C-42C1-A212-B71A9B0D67F7}.Debug|Any CPU.Build.0 = Debug|Any CPU
		{A6B9B4F1-4C7C-42C1-A212-B71A9B0D67F7}.Release|Any CPU.ActiveCfg = Release|Any CPU
		{A6B9B4F1-4C7C-42C1-A212-B71A9B0D67F7}.Release|Any CPU.Build.0 = Release|Any CPU
		{A0AB76CF-A89C-43DE-99C8-0E1C3E539F98}.Debug|Any CPU.ActiveCfg = Debug|Any CPU
		{A0AB76CF-A89C-43DE-99C8-0E1C3E539F98}.Debug|Any CPU.Build.0 = Debug|Any CPU
		{A0AB76CF-A89C-43DE-99C8-0E1C3E539F98}.Release|Any CPU.ActiveCfg = Release|Any CPU
		{A0AB76CF-A89C-43DE-99C8-0E1C3E539F98}.Release|Any CPU.Build.0 = Release|Any CPU
	EndGlobalSection
	GlobalSection(SolutionProperties) = preSolution
		HideSolutionNode = FALSE
	EndGlobalSection
	GlobalSection(ExtensibilityGlobals) = postSolution
		SolutionGuid = {A41B3ACF-3DD5-4932-B7F3-E33ADE6D062D}
	EndGlobalSection
EndGlobal
