
Microsoft Visual Studio Solution File, Format Version 12.00
# Visual Studio Version 17
VisualStudioVersion = 17.5.002.0
MinimumVisualStudioVersion = 10.0.40219.1
Project("{FAE04EC0-301F-11D3-BF4B-00C04F79EFBC}") = "TableService", "TableService\TableService.csproj", "{F27CEA2C-32D7-4673-8F7A-1F15043B21EB}"
EndProject
Project("{FAE04EC0-301F-11D3-BF4B-00C04F79EFBC}") = "Internal", "Internal\Internal.csproj", "{E0ECAA3A-3234-459C-B076-6AC53B63ADC7}"
EndProject
Project("{FAE04EC0-301F-11D3-BF4B-00C04F79EFBC}") = "AdoNet", "AdoNet\AdoNet.csproj", "{B6FFBFBE-F568-4186-B160-CC35A1BBD050}"
EndProject
Global
	GlobalSection(SolutionConfigurationPlatforms) = preSolution
		Debug|Any CPU = Debug|Any CPU
		Release|Any CPU = Release|Any CPU
	EndGlobalSection
	GlobalSection(ProjectConfigurationPlatforms) = postSolution
		{F27CEA2C-32D7-4673-8F7A-1F15043B21EB}.Debug|Any CPU.ActiveCfg = Debug|Any CPU
		{F27CEA2C-32D7-4673-8F7A-1F15043B21EB}.Debug|Any CPU.Build.0 = Debug|Any CPU
		{F27CEA2C-32D7-4673-8F7A-1F15043B21EB}.Release|Any CPU.ActiveCfg = Release|Any CPU
		{F27CEA2C-32D7-4673-8F7A-1F15043B21EB}.Release|Any CPU.Build.0 = Release|Any CPU
		{E0ECAA3A-3234-459C-B076-6AC53B63ADC7}.Debug|Any CPU.ActiveCfg = Debug|Any CPU
		{E0ECAA3A-3234-459C-B076-6AC53B63ADC7}.Debug|Any CPU.Build.0 = Debug|Any CPU
		{E0ECAA3A-3234-459C-B076-6AC53B63ADC7}.Release|Any CPU.ActiveCfg = Release|Any CPU
		{E0ECAA3A-3234-459C-B076-6AC53B63ADC7}.Release|Any CPU.Build.0 = Release|Any CPU
		{B6FFBFBE-F568-4186-B160-CC35A1BBD050}.Debug|Any CPU.ActiveCfg = Debug|Any CPU
		{B6FFBFBE-F568-4186-B160-CC35A1BBD050}.Debug|Any CPU.Build.0 = Debug|Any CPU
		{B6FFBFBE-F568-4186-B160-CC35A1BBD050}.Release|Any CPU.ActiveCfg = Release|Any CPU
		{B6FFBFBE-F568-4186-B160-CC35A1BBD050}.Release|Any CPU.Build.0 = Release|Any CPU
	EndGlobalSection
	GlobalSection(SolutionProperties) = preSolution
		HideSolutionNode = FALSE
	EndGlobalSection
	GlobalSection(ExtensibilityGlobals) = postSolution
		SolutionGuid = {A41B3ACF-3DD5-4932-B7F3-E33ADE6D062D}
	EndGlobalSection
EndGlobal
