
Microsoft Visual Studio Solution File, Format Version 12.00
# Visual Studio Version 17
VisualStudioVersion = 17.5.002.0
MinimumVisualStudioVersion = 10.0.40219.1
Project("{9A19103F-16F7-4668-BE54-9A1E7A4F7556}") = "slo", "slo.csproj", "{72D7B0FC-A7B4-4640-9494-829881EE363A}"
EndProject
Global
	GlobalSection(SolutionConfigurationPlatforms) = preSolution
		Debug|Any CPU = Debug|Any CPU
		Release|Any CPU = Release|Any CPU
	EndGlobalSection
	GlobalSection(ProjectConfigurationPlatforms) = postSolution
		{72D7B0FC-A7B4-4640-9494-829881EE363A}.Debug|Any CPU.ActiveCfg = Debug|Any CPU
		{72D7B0FC-A7B4-4640-9494-829881EE363A}.Debug|Any CPU.Build.0 = Debug|Any CPU
		{72D7B0FC-A7B4-4640-9494-829881EE363A}.Release|Any CPU.ActiveCfg = Release|Any CPU
		{72D7B0FC-A7B4-4640-9494-829881EE363A}.Release|Any CPU.Build.0 = Release|Any CPU
	EndGlobalSection
	GlobalSection(SolutionProperties) = preSolution
		HideSolutionNode = FALSE
	EndGlobalSection
	GlobalSection(ExtensibilityGlobals) = postSolution
		SolutionGuid = {A41B3ACF-3DD5-4932-B7F3-E33ADE6D062D}
	EndGlobalSection
EndGlobal
