
Microsoft Visual Studio Solution File, Format Version 12.00
# Visual Studio Version 16
VisualStudioVersion = 16.0.29306.81
MinimumVisualStudioVersion = 10.0.40219.1
Project("{2150E333-8FDC-42A3-9474-1A3956D46DE8}") = "Ydb.Sdk", "Ydb.Sdk", "{34D81B90-76BA-430B-B3B1-B830B7206134}"
EndProject
Project("{2150E333-8FDC-42A3-9474-1A3956D46DE8}") = "src", "src", "{E21B559D-5E8D-47AE-950E-03435F3066DF}"
EndProject
Project("{2150E333-8FDC-42A3-9474-1A3956D46DE8}") = "tests", "tests", "{316B82EF-019D-4267-95A9-5E243086B240}"
EndProject
Project("{9A19103F-16F7-4668-BE54-9A1E7A4F7556}") = "Ydb.Sdk", "Ydb.Sdk\src\Ydb.Sdk.csproj", "{C91FA8B1-713B-40F4-B07A-EB6CD4106392}"
EndProject
Project("{FAE04EC0-301F-11D3-BF4B-00C04F79EFBC}") = "Tests", "Ydb.Sdk\tests\Tests.csproj", "{A27FD249-6ACB-4392-B00F-CD08FB727C98}"
EndProject
Project("{2150E333-8FDC-42A3-9474-1A3956D46DE8}") = "EfCore.Ydb", "EfCore.Ydb", "{5E7B167B-5FC7-41BD-8819-16B02ED9B961}"
EndProject
Project("{2150E333-8FDC-42A3-9474-1A3956D46DE8}") = "src", "src", "{4A4EE5F3-CC9C-4166-A8F5-3ACFDD2A75F3}"
EndProject
Project("{FAE04EC0-301F-11D3-BF4B-00C04F79EFBC}") = "EfCore.Ydb", "EfCore.Ydb\src\EfCore.Ydb.csproj", "{1C97E429-3499-4EC0-AA28-76BFADB73A65}"
EndProject
Project("{2150E333-8FDC-42A3-9474-1A3956D46DE8}") = "test", "test", "{39DE35EE-621B-4DEC-BFA2-5337ACBAEEF4}"
EndProject
Project("{FAE04EC0-301F-11D3-BF4B-00C04F79EFBC}") = "EfCore.Ydb.Tests", "EfCore.Ydb\test\EfCore.Ydb.Tests.csproj", "{C340085B-AB9E-484A-B4A5-32131AE5029F}"
EndProject
Project("{FAE04EC0-301F-11D3-BF4B-00C04F79EFBC}") = "EfCore.Ydb.FunctionalTests", "EfCore.Ydb.FunctionalTests\EfCore.Ydb.FunctionalTests.csproj", "{28550E34-B56D-4536-B455-031983D9E561}"
EndProject
Global
	GlobalSection(SolutionConfigurationPlatforms) = preSolution
		Debug|Any CPU = Debug|Any CPU
		Release|Any CPU = Release|Any CPU
	EndGlobalSection
	GlobalSection(ProjectConfigurationPlatforms) = postSolution
		{C91FA8B1-713B-40F4-B07A-EB6CD4106392}.Debug|Any CPU.ActiveCfg = Debug|Any CPU
		{C91FA8B1-713B-40F4-B07A-EB6CD4106392}.Debug|Any CPU.Build.0 = Debug|Any CPU
		{C91FA8B1-713B-40F4-B07A-EB6CD4106392}.Release|Any CPU.ActiveCfg = Release|Any CPU
		{C91FA8B1-713B-40F4-B07A-EB6CD4106392}.Release|Any CPU.Build.0 = Release|Any CPU
		{A27FD249-6ACB-4392-B00F-CD08FB727C98}.Debug|Any CPU.ActiveCfg = Debug|Any CPU
		{A27FD249-6ACB-4392-B00F-CD08FB727C98}.Debug|Any CPU.Build.0 = Debug|Any CPU
		{A27FD249-6ACB-4392-B00F-CD08FB727C98}.Release|Any CPU.ActiveCfg = Release|Any CPU
		{A27FD249-6ACB-4392-B00F-CD08FB727C98}.Release|Any CPU.Build.0 = Release|Any CPU
		{BDC82443-4CB5-4896-9C45-FC274C7593D0}.Debug|Any CPU.ActiveCfg = Debug|Any CPU
		{BDC82443-4CB5-4896-9C45-FC274C7593D0}.Debug|Any CPU.Build.0 = Debug|Any CPU
		{BDC82443-4CB5-4896-9C45-FC274C7593D0}.Release|Any CPU.ActiveCfg = Release|Any CPU
		{BDC82443-4CB5-4896-9C45-FC274C7593D0}.Release|Any CPU.Build.0 = Release|Any CPU
		{35CCFE4F-55BB-48FC-A3BD-3FAAD68D0739}.Debug|Any CPU.ActiveCfg = Debug|Any CPU
		{35CCFE4F-55BB-48FC-A3BD-3FAAD68D0739}.Debug|Any CPU.Build.0 = Debug|Any CPU
		{35CCFE4F-55BB-48FC-A3BD-3FAAD68D0739}.Release|Any CPU.ActiveCfg = Release|Any CPU
		{35CCFE4F-55BB-48FC-A3BD-3FAAD68D0739}.Release|Any CPU.Build.0 = Release|Any CPU
		{EA37C613-1CBD-48F7-A1C0-72CC71ABD002}.Debug|Any CPU.ActiveCfg = Debug|Any CPU
		{EA37C613-1CBD-48F7-A1C0-72CC71ABD002}.Debug|Any CPU.Build.0 = Debug|Any CPU
		{EA37C613-1CBD-48F7-A1C0-72CC71ABD002}.Release|Any CPU.ActiveCfg = Release|Any CPU
		{EA37C613-1CBD-48F7-A1C0-72CC71ABD002}.Release|Any CPU.Build.0 = Release|Any CPU
		{1C97E429-3499-4EC0-AA28-76BFADB73A65}.Debug|Any CPU.ActiveCfg = Debug|Any CPU
		{1C97E429-3499-4EC0-AA28-76BFADB73A65}.Debug|Any CPU.Build.0 = Debug|Any CPU
		{1C97E429-3499-4EC0-AA28-76BFADB73A65}.Release|Any CPU.ActiveCfg = Release|Any CPU
		{1C97E429-3499-4EC0-AA28-76BFADB73A65}.Release|Any CPU.Build.0 = Release|Any CPU
		{D3C0891F-85FA-4FBA-A8BB-02A58C1D5202}.Debug|Any CPU.ActiveCfg = Debug|Any CPU
		{D3C0891F-85FA-4FBA-A8BB-02A58C1D5202}.Debug|Any CPU.Build.0 = Debug|Any CPU
		{D3C0891F-85FA-4FBA-A8BB-02A58C1D5202}.Release|Any CPU.ActiveCfg = Release|Any CPU
		{D3C0891F-85FA-4FBA-A8BB-02A58C1D5202}.Release|Any CPU.Build.0 = Release|Any CPU
		{C340085B-AB9E-484A-B4A5-32131AE5029F}.Debug|Any CPU.ActiveCfg = Debug|Any CPU
		{C340085B-AB9E-484A-B4A5-32131AE5029F}.Debug|Any CPU.Build.0 = Debug|Any CPU
		{C340085B-AB9E-484A-B4A5-32131AE5029F}.Release|Any CPU.ActiveCfg = Release|Any CPU
		{C340085B-AB9E-484A-B4A5-32131AE5029F}.Release|Any CPU.Build.0 = Release|Any CPU
		{28550E34-B56D-4536-B455-031983D9E561}.Debug|Any CPU.ActiveCfg = Debug|Any CPU
		{28550E34-B56D-4536-B455-031983D9E561}.Debug|Any CPU.Build.0 = Debug|Any CPU
		{28550E34-B56D-4536-B455-031983D9E561}.Release|Any CPU.ActiveCfg = Release|Any CPU
		{28550E34-B56D-4536-B455-031983D9E561}.Release|Any CPU.Build.0 = Release|Any CPU
	EndGlobalSection
	GlobalSection(SolutionProperties) = preSolution
		HideSolutionNode = FALSE
	EndGlobalSection
	GlobalSection(NestedProjects) = preSolution
		{E21B559D-5E8D-47AE-950E-03435F3066DF} = {34D81B90-76BA-430B-B3B1-B830B7206134}
		{316B82EF-019D-4267-95A9-5E243086B240} = {34D81B90-76BA-430B-B3B1-B830B7206134}
		{C91FA8B1-713B-40F4-B07A-EB6CD4106392} = {E21B559D-5E8D-47AE-950E-03435F3066DF}
		{A27FD249-6ACB-4392-B00F-CD08FB727C98} = {316B82EF-019D-4267-95A9-5E243086B240}
		{4A4EE5F3-CC9C-4166-A8F5-3ACFDD2A75F3} = {5E7B167B-5FC7-41BD-8819-16B02ED9B961}
		{369AA6CC-3CD3-40A9-82E4-61B7D7D42CE3} = {5E7B167B-5FC7-41BD-8819-16B02ED9B961}
		{EA37C613-1CBD-48F7-A1C0-72CC71ABD002} = {4A4EE5F3-CC9C-4166-A8F5-3ACFDD2A75F3}
		{1C97E429-3499-4EC0-AA28-76BFADB73A65} = {4A4EE5F3-CC9C-4166-A8F5-3ACFDD2A75F3}
		{D3C0891F-85FA-4FBA-A8BB-02A58C1D5202} = {369AA6CC-3CD3-40A9-82E4-61B7D7D42CE3}
		{39DE35EE-621B-4DEC-BFA2-5337ACBAEEF4} = {5E7B167B-5FC7-41BD-8819-16B02ED9B961}
		{C340085B-AB9E-484A-B4A5-32131AE5029F} = {39DE35EE-621B-4DEC-BFA2-5337ACBAEEF4}
		{28550E34-B56D-4536-B455-031983D9E561} = {39DE35EE-621B-4DEC-BFA2-5337ACBAEEF4}
	EndGlobalSection
	GlobalSection(ExtensibilityGlobals) = postSolution
		SolutionGuid = {0AB27123-0C66-4E43-A75F-D9EAB9ED0849}
	EndGlobalSection
EndGlobal
