
Microsoft Visual Studio Solution File, Format Version 12.00
# Visual Studio Version 16
VisualStudioVersion = 16.0.29306.81
MinimumVisualStudioVersion = 10.0.40219.1
Project("{2150E333-8FDC-42A3-9474-1A3956D46DE8}") = "Ydb.Sdk", "Ydb.Sdk", "{34D81B90-76BA-430B-B3B1-B830B7206134}"
EndProject
Project("{2150E333-8FDC-42A3-9474-1A3956D46DE8}") = "src", "src", "{E21B559D-5E8D-47AE-950E-03435F3066DF}"
EndProject
Project("{2150E333-8FDC-42A3-9474-1A3956D46DE8}") = "tests", "tests", "{316B82EF-019D-4267-95A9-5E243086B240}"
EndProject
Project("{9A19103F-16F7-4668-BE54-9A1E7A4F7556}") = "Ydb.Sdk", "Ydb.Sdk\src\Ydb.Sdk.csproj", "{C91FA8B1-713B-40F4-B07A-EB6CD4106392}"
EndProject
Project("{FAE04EC0-301F-11D3-BF4B-00C04F79EFBC}") = "Tests", "Ydb.Sdk\tests\Tests.csproj", "{A27FD249-6ACB-4392-B00F-CD08FB727C98}"
EndProject
Project("{FAE04EC0-301F-11D3-BF4B-00C04F79EFBC}") = "Ydb.Protos", "..\..\ydb-dotnet-genproto\src\Ydb.Protos\Ydb.Protos.csproj", "{083152BD-B7BA-4680-8423-CFBEF0317692}"
EndProject
Global
	GlobalSection(SolutionConfigurationPlatforms) = preSolution
		Debug|Any CPU = Debug|Any CPU
		Release|Any CPU = Release|Any CPU
	EndGlobalSection
	GlobalSection(ProjectConfigurationPlatforms) = postSolution
		{C91FA8B1-713B-40F4-B07A-EB6CD4106392}.Debug|Any CPU.ActiveCfg = Debug|Any CPU
		{C91FA8B1-713B-40F4-B07A-EB6CD4106392}.Debug|Any CPU.Build.0 = Debug|Any CPU
		{C91FA8B1-713B-40F4-B07A-EB6CD4106392}.Release|Any CPU.ActiveCfg = Release|Any CPU
		{C91FA8B1-713B-40F4-B07A-EB6CD4106392}.Release|Any CPU.Build.0 = Release|Any CPU
		{A27FD249-6ACB-4392-B00F-CD08FB727C98}.Debug|Any CPU.ActiveCfg = Debug|Any CPU
		{A27FD249-6ACB-4392-B00F-CD08FB727C98}.Debug|Any CPU.Build.0 = Debug|Any CPU
		{A27FD249-6ACB-4392-B00F-CD08FB727C98}.Release|Any CPU.ActiveCfg = Release|Any CPU
		{A27FD249-6ACB-4392-B00F-CD08FB727C98}.Release|Any CPU.Build.0 = Release|Any CPU
        {083152BD-B7BA-4680-8423-CFBEF0317692}.Debug|Any CPU.ActiveCfg = Debug|Any CPU
        {083152BD-B7BA-4680-8423-CFBEF0317692}.Debug|Any CPU.Build.0 = Debug|Any CPU
        {083152BD-B7BA-4680-8423-CFBEF0317692}.Release|Any CPU.ActiveCfg = Release|Any CPU
        {083152BD-B7BA-4680-8423-CFBEF0317692}.Release|Any CPU.Build.0 = Release|Any CPU
	EndGlobalSection
	GlobalSection(SolutionProperties) = preSolution
		HideSolutionNode = FALSE
	EndGlobalSection
	GlobalSection(NestedProjects) = preSolution
		{E21B559D-5E8D-47AE-950E-03435F3066DF} = {34D81B90-76BA-430B-B3B1-B830B7206134}
		{316B82EF-019D-4267-95A9-5E243086B240} = {34D81B90-76BA-430B-B3B1-B830B7206134}
		{C91FA8B1-713B-40F4-B07A-EB6CD4106392} = {E21B559D-5E8D-47AE-950E-03435F3066DF}
		{A27FD249-6ACB-4392-B00F-CD08FB727C98} = {316B82EF-019D-4267-95A9-5E243086B240}
	EndGlobalSection
	GlobalSection(ExtensibilityGlobals) = postSolution
		SolutionGuid = {0AB27123-0C66-4E43-A75F-D9EAB9ED0849}
	EndGlobalSection
EndGlobal
